// !$*UTF8*$!
{
	archiveVersion = 1;
	classes = {
	};
	objectVersion = 46;
	objects = {

/* Begin PBXBuildFile section */
		28E6F77E1DC12EFC00E5B224 /* AppDelegate.swift in Sources */ = {isa = PBXBuildFile; fileRef = 28E6F77D1DC12EFC00E5B224 /* AppDelegate.swift */; };
		28E6F7801DC12EFC00E5B224 /* ViewController.swift in Sources */ = {isa = PBXBuildFile; fileRef = 28E6F77F1DC12EFC00E5B224 /* ViewController.swift */; };
		28E6F7831DC12EFC00E5B224 /* Main.storyboard in Resources */ = {isa = PBXBuildFile; fileRef = 28E6F7811DC12EFC00E5B224 /* Main.storyboard */; };
		28E6F7861DC12EFC00E5B224 /* test1.xcdatamodeld in Sources */ = {isa = PBXBuildFile; fileRef = 28E6F7841DC12EFC00E5B224 /* test1.xcdatamodeld */; };
		28E6F7881DC12EFC00E5B224 /* Assets.xcassets in Resources */ = {isa = PBXBuildFile; fileRef = 28E6F7871DC12EFC00E5B224 /* Assets.xcassets */; };
		28E6F78B1DC12EFC00E5B224 /* LaunchScreen.storyboard in Resources */ = {isa = PBXBuildFile; fileRef = 28E6F7891DC12EFC00E5B224 /* LaunchScreen.storyboard */; };
/* End PBXBuildFile section */

/* Begin PBXFileReference section */
		28E6F77A1DC12EFC00E5B224 /* test1.app */ = {isa = PBXFileReference; explicitFileType = wrapper.application; includeInIndex = 0; path = test1.app; sourceTree = BUILT_PRODUCTS_DIR; };
		28E6F77D1DC12EFC00E5B224 /* AppDelegate.swift */ = {isa = PBXFileReference; lastKnownFileType = sourcecode.swift; path = AppDelegate.swift; sourceTree = "<group>"; };
		28E6F77F1DC12EFC00E5B224 /* ViewController.swift */ = {isa = PBXFileReference; lastKnownFileType = sourcecode.swift; path = ViewController.swift; sourceTree = "<group>"; };
		28E6F7821DC12EFC00E5B224 /* Base */ = {isa = PBXFileReference; lastKnownFileType = file.storyboard; name = Base; path = Base.lproj/Main.storyboard; sourceTree = "<group>"; };
		28E6F7851DC12EFC00E5B224 /* test1.xcdatamodel */ = {isa = PBXFileReference; lastKnownFileType = wrapper.xcdatamodel; path = test1.xcdatamodel; sourceTree = "<group>"; };
		28E6F7871DC12EFC00E5B224 /* Assets.xcassets */ = {isa = PBXFileReference; lastKnownFileType = folder.assetcatalog; path = Assets.xcassets; sourceTree = "<group>"; };
		28E6F78A1DC12EFC00E5B224 /* Base */ = {isa = PBXFileReference; lastKnownFileType = file.storyboard; name = Base; path = Base.lproj/LaunchScreen.storyboard; sourceTree = "<group>"; };
		28E6F78C1DC12EFC00E5B224 /* Info.plist */ = {isa = PBXFileReference; lastKnownFileType = text.plist.xml; path = Info.plist; sourceTree = "<group>"; };
/* End PBXFileReference section */

/* Begin PBXFrameworksBuildPhase section */
		28E6F7771DC12EFC00E5B224 /* Frameworks */ = {
			isa = PBXFrameworksBuildPhase;
			buildActionMask = 2147483647;
			files = (
			);
			runOnlyForDeploymentPostprocessing = 0;
		};
/* End PBXFrameworksBuildPhase section */

/* Begin PBXGroup section */
		28E6F7711DC12EFC00E5B224 = {
			isa = PBXGroup;
			children = (
				28E6F77C1DC12EFC00E5B224 /* test1 */,
				28E6F77B1DC12EFC00E5B224 /* Products */,
			);
			sourceTree = "<group>";
		};
		28E6F77B1DC12EFC00E5B224 /* Products */ = {
			isa = PBXGroup;
			children = (
				28E6F77A1DC12EFC00E5B224 /* test1.app */,
			);
			name = Products;
			sourceTree = "<group>";
		};
		28E6F77C1DC12EFC00E5B224 /* test1 */ = {
			isa = PBXGroup;
			children = (
				28E6F77D1DC12EFC00E5B224 /* AppDelegate.swift */,
				28E6F77F1DC12EFC00E5B224 /* ViewController.swift */,
				28E6F7811DC12EFC00E5B224 /* Main.storyboard */,
				28E6F7871DC12EFC00E5B224 /* Assets.xcassets */,
				28E6F7891DC12EFC00E5B224 /* LaunchScreen.storyboard */,
				28E6F78C1DC12EFC00E5B224 /* Info.plist */,
				28E6F7841DC12EFC00E5B224 /* test1.xcdatamodeld */,
			);
			path = test1;
			sourceTree = "<group>";
		};
/* End PBXGroup section */

/* Begin PBXNativeTarget section */
		28E6F7791DC12EFC00E5B224 /* test1 */ = {
			isa = PBXNativeTarget;
			buildConfigurationList = 28E6F78F1DC12EFC00E5B224 /* Build configuration list for PBXNativeTarget "test1" */;
			buildPhases = (
				28E6F7761DC12EFC00E5B224 /* Sources */,
				28E6F7771DC12EFC00E5B224 /* Frameworks */,
				28E6F7781DC12EFC00E5B224 /* Resources */,
			);
			buildRules = (
			);
			dependencies = (
			);
			name = test1;
			productName = test1;
			productReference = 28E6F77A1DC12EFC00E5B224 /* test1.app */;
			productType = "com.apple.product-type.application";
		};
/* End PBXNativeTarget section */

/* Begin PBXProject section */
		28E6F7721DC12EFC00E5B224 /* Project object */ = {
			isa = PBXProject;
			attributes = {
				LastSwiftUpdateCheck = 0800;
				LastUpgradeCheck = 0800;
				ORGANIZATIONNAME = "Oleg Pavlichenkov";
				TargetAttributes = {
					28E6F7791DC12EFC00E5B224 = {
						CreatedOnToolsVersion = 8.0;
						ProvisioningStyle = Automatic;
					};
				};
			};
			buildConfigurationList = 28E6F7751DC12EFC00E5B224 /* Build configuration list for PBXProject "test1" */;
			compatibilityVersion = "Xcode 3.2";
			developmentRegion = English;
			hasScannedForEncodings = 0;
			knownRegions = (
				en,
				Base,
			);
			mainGroup = 28E6F7711DC12EFC00E5B224;
			productRefGroup = 28E6F77B1DC12EFC00E5B224 /* Products */;
			projectDirPath = "";
			projectRoot = "";
			targets = (
				28E6F7791DC12EFC00E5B224 /* test1 */,
			);
		};
/* End PBXProject section */

/* Begin PBXResourcesBuildPhase section */
		28E6F7781DC12EFC00E5B224 /* Resources */ = {
			isa = PBXResourcesBuildPhase;
			buildActionMask = 2147483647;
			files = (
				28E6F78B1DC12EFC00E5B224 /* LaunchScreen.storyboard in Resources */,
				28E6F7881DC12EFC00E5B224 /* Assets.xcassets in Resources */,
				28E6F7831DC12EFC00E5B224 /* Main.storyboard in Resources */,
			);
			runOnlyForDeploymentPostprocessing = 0;
		};
/* End PBXResourcesBuildPhase section */

/* Begin PBXSourcesBuildPhase section */
		28E6F7761DC12EFC00E5B224 /* Sources */ = {
			isa = PBXSourcesBuildPhase;
			buildActionMask = 2147483647;
			files = (
				28E6F7801DC12EFC00E5B224 /* ViewController.swift in Sources */,
				28E6F77E1DC12EFC00E5B224 /* AppDelegate.swift in Sources */,
				28E6F7861DC12EFC00E5B224 /* test1.xcdatamodeld in Sources */,
			);
			runOnlyForDeploymentPostprocessing = 0;
		};
/* End PBXSourcesBuildPhase section */

/* Begin PBXVariantGroup section */
		28E6F7811DC12EFC00E5B224 /* Main.storyboard */ = {
			isa = PBXVariantGroup;
			children = (
				28E6F7821DC12EFC00E5B224 /* Base */,
			);
			name = Main.storyboard;
			sourceTree = "<group>";
		};
		28E6F7891DC12EFC00E5B224 /* LaunchScreen.storyboard */ = {
			isa = PBXVariantGroup;
			children = (
				28E6F78A1DC12EFC00E5B224 /* Base */,
			);
			name = LaunchScreen.storyboard;
			sourceTree = "<group>";
		};
/* End PBXVariantGroup section */

/* Begin XCBuildConfiguration section */
		28E6F78D1DC12EFC00E5B224 /* Debug */ = {
			isa = XCBuildConfiguration;
			buildSettings = {
				ALWAYS_SEARCH_USER_PATHS = NO;
				CLANG_ANALYZER_NONNULL = YES;
				CLANG_CXX_LANGUAGE_STANDARD = "gnu++0x";
				CLANG_CXX_LIBRARY = "libc++";
				CLANG_ENABLE_MODULES = YES;
				CLANG_ENABLE_OBJC_ARC = YES;
				CLANG_WARN_BOOL_CONVERSION = YES;
				CLANG_WARN_CONSTANT_CONVERSION = YES;
				CLANG_WARN_DIRECT_OBJC_ISA_USAGE = YES_ERROR;
				CLANG_WARN_DOCUMENTATION_COMMENTS = YES;
				CLANG_WARN_EMPTY_BODY = YES;
				CLANG_WARN_ENUM_CONVERSION = YES;
				CLANG_WARN_INFINITE_RECURSION = YES;
				CLANG_WARN_INT_CONVERSION = YES;
				CLANG_WARN_OBJC_ROOT_CLASS = YES_ERROR;
				CLANG_WARN_SUSPICIOUS_MOVES = YES;
				CLANG_WARN_UNREACHABLE_CODE = YES;
				CLANG_WARN__DUPLICATE_METHOD_MATCH = YES;
				"CODE_SIGN_IDENTITY[sdk=iphoneos*]" = "iPhone Developer";
				COPY_PHASE_STRIP = NO;
				DEBUG_INFORMATION_FORMAT = dwarf;
				ENABLE_STRICT_OBJC_MSGSEND = YES;
				ENABLE_TESTABILITY = YES;
				GCC_C_LANGUAGE_STANDARD = gnu99;
				GCC_DYNAMIC_NO_PIC = NO;
				GCC_NO_COMMON_BLOCKS = YES;
				GCC_OPTIMIZATION_LEVEL = 0;
				GCC_PREPROCESSOR_DEFINITIONS = (
					"DEBUG=1",
					"$(inherited)",
				);
				GCC_WARN_64_TO_32_BIT_CONVERSION = YES;
				GCC_WARN_ABOUT_RETURN_TYPE = YES_ERROR;
				GCC_WARN_UNDECLARED_SELECTOR = YES;
				GCC_WARN_UNINITIALIZED_AUTOS = YES_AGGRESSIVE;
				GCC_WARN_UNUSED_FUNCTION = YES;
				GCC_WARN_UNUSED_VARIABLE = YES;
				IPHONEOS_DEPLOYMENT_TARGET = 10.0;
				MTL_ENABLE_DEBUG_INFO = YES;
				ONLY_ACTIVE_ARCH = YES;
				SDKROOT = iphoneos;
				SWIFT_ACTIVE_COMPILATION_CONDITIONS = DEBUG;
				SWIFT_OPTIMIZATION_LEVEL = "-Onone";
				TARGETED_DEVICE_FAMILY = "1,2";
			};
			name = Debug;
		};
		28E6F78E1DC12EFC00E5B224 /* Release */ = {
			isa = XCBuildConfiguration;
			buildSettings = {
				ALWAYS_SEARCH_USER_PATHS = NO;
				CLANG_ANALYZER_NONNULL = YES;
				CLANG_CXX_LANGUAGE_STANDARD = "gnu++0x";
				CLANG_CXX_LIBRARY = "libc++";
				CLANG_ENABLE_MODULES = YES;
				CLANG_ENABLE_OBJC_ARC = YES;
				CLANG_WARN_BOOL_CONVERSION = YES;
				CLANG_WARN_CONSTANT_CONVERSION = YES;
				CLANG_WARN_DIRECT_OBJC_ISA_USAGE = YES_ERROR;
				CLANG_WARN_DOCUMENTATION_COMMENTS = YES;
				CLANG_WARN_EMPTY_BODY = YES;
				CLANG_WARN_ENUM_CONVERSION = YES;
				CLANG_WARN_INFINITE_RECURSION = YES;
				CLANG_WARN_INT_CONVERSION = YES;
				CLANG_WARN_OBJC_ROOT_CLASS = YES_ERROR;
				CLANG_WARN_SUSPICIOUS_MOVES = YES;
				CLANG_WARN_UNREACHABLE_CODE = YES;
				CLANG_WARN__DUPLICATE_METHOD_MATCH = YES;
				"CODE_SIGN_IDENTITY[sdk=iphoneos*]" = "iPhone Developer";
				COPY_PHASE_STRIP = NO;
				DEBUG_INFORMATION_FORMAT = "dwarf-with-dsym";
				ENABLE_NS_ASSERTIONS = NO;
				ENABLE_STRICT_OBJC_MSGSEND = YES;
				GCC_C_LANGUAGE_STANDARD = gnu99;
				GCC_NO_COMMON_BLOCKS = YES;
				GCC_WARN_64_TO_32_BIT_CONVERSION = YES;
				GCC_WARN_ABOUT_RETURN_TYPE = YES_ERROR;
				GCC_WARN_UNDECLARED_SELECTOR = YES;
				GCC_WARN_UNINITIALIZED_AUTOS = YES_AGGRESSIVE;
				GCC_WARN_UNUSED_FUNCTION = YES;
				GCC_WARN_UNUSED_VARIABLE = YES;
				IPHONEOS_DEPLOYMENT_TARGET = 10.0;
				MTL_ENABLE_DEBUG_INFO = NO;
				SDKROOT = iphoneos;
				SWIFT_OPTIMIZATION_LEVEL = "-Owholemodule";
				TARGETED_DEVICE_FAMILY = "1,2";
				VALIDATE_PRODUCT = YES;
			};
			name = Release;
		};
		28E6F7901DC12EFC00E5B224 /* Debug */ = {
			isa = XCBuildConfiguration;
			buildSettings = {
				ASSETCATALOG_COMPILER_APPICON_NAME = AppIcon;
				INFOPLIST_FILE = test1/Info.plist;
				LD_RUNPATH_SEARCH_PATHS = "$(inherited) @executable_path/Frameworks";
				PRODUCT_BUNDLE_IDENTIFIER = op.test1;
				PRODUCT_NAME = "$(TARGET_NAME)";
				SWIFT_VERSION = 3.0;
			};
			name = Debug;
		};
		28E6F7911DC12EFC00E5B224 /* Release */ = {
			isa = XCBuildConfiguration;
			buildSettings = {
				ASSETCATALOG_COMPILER_APPICON_NAME = AppIcon;
				INFOPLIST_FILE = test1/Info.plist;
				LD_RUNPATH_SEARCH_PATHS = "$(inherited) @executable_path/Frameworks";
				PRODUCT_BUNDLE_IDENTIFIER = op.test1;
				PRODUCT_NAME = "$(TARGET_NAME)";
				SWIFT_VERSION = 3.0;
			};
			name = Release;
		};
/* End XCBuildConfiguration section */

/* Begin XCConfigurationList section */
		28E6F7751DC12EFC00E5B224 /* Build configuration list for PBXProject "test1" */ = {
			isa = XCConfigurationList;
			buildConfigurations = (
				28E6F78D1DC12EFC00E5B224 /* Debug */,
				28E6F78E1DC12EFC00E5B224 /* Release */,
			);
			defaultConfigurationIsVisible = 0;
			defaultConfigurationName = Release;
		};
		28E6F78F1DC12EFC00E5B224 /* Build configuration list for PBXNativeTarget "test1" */ = {
			isa = XCConfigurationList;
			buildConfigurations = (
				28E6F7901DC12EFC00E5B224 /* Debug */,
				28E6F7911DC12EFC00E5B224 /* Release */,
			);
			defaultConfigurationIsVisible = 0;
		};
/* End XCConfigurationList section */

/* Begin XCVersionGroup section */
		28E6F7841DC12EFC00E5B224 /* test1.xcdatamodeld */ = {
			isa = XCVersionGroup;
			children = (
				28E6F7851DC12EFC00E5B224 /* test1.xcdatamodel */,
			);
			currentVersion = 28E6F7851DC12EFC00E5B224 /* test1.xcdatamodel */;
			path = test1.xcdatamodeld;
			sourceTree = "<group>";
			versionGroupType = wrapper.xcdatamodel;
		};
/* End XCVersionGroup section */
	};
	rootObject = 28E6F7721DC12EFC00E5B224 /* Project object */;
}
